
Microsoft Visual Studio Solution File, Format Version 12.00
# Visual Studio 15
VisualStudioVersion = 15.0.28010.2019
MinimumVisualStudioVersion = 10.0.40219.1
Project("{FAE04EC0-301F-11D3-BF4B-00C04F79EFBC}") = "DataStructuresAssignment", "DataStructuresAssignment\DataStructuresAssignment.csproj", "{ED4131FE-F975-4959-A11A-ABED71F2F485}"
EndProject
Global
	GlobalSection(SolutionConfigurationPlatforms) = preSolution
		Debug|Any CPU = Debug|Any CPU
		Release|Any CPU = Release|Any CPU
	EndGlobalSection
	GlobalSection(ProjectConfigurationPlatforms) = postSolution
		{ED4131FE-F975-4959-A11A-ABED71F2F485}.Debug|Any CPU.ActiveCfg = Debug|Any CPU
		{ED4131FE-F975-4959-A11A-ABED71F2F485}.Debug|Any CPU.Build.0 = Debug|Any CPU
		{ED4131FE-F975-4959-A11A-ABED71F2F485}.Release|Any CPU.ActiveCfg = Release|Any CPU
		{ED4131FE-F975-4959-A11A-ABED71F2F485}.Release|Any CPU.Build.0 = Release|Any CPU
	EndGlobalSection
	GlobalSection(SolutionProperties) = preSolution
		HideSolutionNode = FALSE
	EndGlobalSection
	GlobalSection(ExtensibilityGlobals) = postSolution
		SolutionGuid = {1D338B5E-EE47-492C-B975-033F4F02F825}
	EndGlobalSection
EndGlobal
